// !$*UTF8*$!
{
	archiveVersion = 1;
	classes = {
	};
	objectVersion = 55;
	objects = {

/* Begin PBXBuildFile section */
		8313DCB52867D2BC001C9029 /* AppDelegate.swift in Sources */ = {isa = PBXBuildFile; fileRef = 8313DCB42867D2BC001C9029 /* AppDelegate.swift */; };
		8313DCB72867D2BC001C9029 /* SceneDelegate.swift in Sources */ = {isa = PBXBuildFile; fileRef = 8313DCB62867D2BC001C9029 /* SceneDelegate.swift */; };
		8313DCB92867D2BC001C9029 /* TournamentsViewController.swift in Sources */ = {isa = PBXBuildFile; fileRef = 8313DCB82867D2BC001C9029 /* TournamentsViewController.swift */; };
		8313DCBC2867D2BC001C9029 /* Main.storyboard in Resources */ = {isa = PBXBuildFile; fileRef = 8313DCBA2867D2BC001C9029 /* Main.storyboard */; };
		8313DCBE2867D2C0001C9029 /* Assets.xcassets in Resources */ = {isa = PBXBuildFile; fileRef = 8313DCBD2867D2C0001C9029 /* Assets.xcassets */; };
		8313DCC12867D2C0001C9029 /* LaunchScreen.storyboard in Resources */ = {isa = PBXBuildFile; fileRef = 8313DCBF2867D2C0001C9029 /* LaunchScreen.storyboard */; };
		8313DCCC2867D2C0001C9029 /* Tennis_ScoresTests.swift in Sources */ = {isa = PBXBuildFile; fileRef = 8313DCCB2867D2C0001C9029 /* Tennis_ScoresTests.swift */; };
		8313DCD62867D2C0001C9029 /* Tennis_ScoresUITests.swift in Sources */ = {isa = PBXBuildFile; fileRef = 8313DCD52867D2C0001C9029 /* Tennis_ScoresUITests.swift */; };
		8313DCD82867D2C0001C9029 /* Tennis_ScoresUITestsLaunchTests.swift in Sources */ = {isa = PBXBuildFile; fileRef = 8313DCD72867D2C0001C9029 /* Tennis_ScoresUITestsLaunchTests.swift */; };
		8313DCE52867D5BB001C9029 /* TournamentsViewController+TableView.swift in Sources */ = {isa = PBXBuildFile; fileRef = 8313DCE42867D5BB001C9029 /* TournamentsViewController+TableView.swift */; };
		8313DCE92867D815001C9029 /* TournamentsTableViewCell.swift in Sources */ = {isa = PBXBuildFile; fileRef = 8313DCE72867D815001C9029 /* TournamentsTableViewCell.swift */; };
		8313DCEA2867D815001C9029 /* TournamentsTableViewCell.xib in Resources */ = {isa = PBXBuildFile; fileRef = 8313DCE82867D815001C9029 /* TournamentsTableViewCell.xib */; };
		8313DCF02867EFE6001C9029 /* MyDateFormatter.swift in Sources */ = {isa = PBXBuildFile; fileRef = 8313DCEF2867EFE6001C9029 /* MyDateFormatter.swift */; };
		83775BB9286A92EA00FEE395 /* ATPViewController.swift in Sources */ = {isa = PBXBuildFile; fileRef = 83775BB8286A92EA00FEE395 /* ATPViewController.swift */; };
		8391EC0928722ABF003F52D4 /* WTAViewController.swift in Sources */ = {isa = PBXBuildFile; fileRef = 8391EC0828722ABF003F52D4 /* WTAViewController.swift */; };
		8391EC0C28725B1B003F52D4 /* Tennis Scores.xcdatamodeld in Sources */ = {isa = PBXBuildFile; fileRef = 8391EC0A28725B1B003F52D4 /* Tennis Scores.xcdatamodeld */; };
		83B800DF2877B47C00466324 /* CoreDataHandler.swift in Sources */ = {isa = PBXBuildFile; fileRef = 83B800DE2877B47C00466324 /* CoreDataHandler.swift */; };
/* End PBXBuildFile section */

/* Begin PBXContainerItemProxy section */
		8313DCC82867D2C0001C9029 /* PBXContainerItemProxy */ = {
			isa = PBXContainerItemProxy;
			containerPortal = 8313DCA92867D2BC001C9029 /* Project object */;
			proxyType = 1;
			remoteGlobalIDString = 8313DCB02867D2BC001C9029;
			remoteInfo = "Tennis Scores";
		};
		8313DCD22867D2C0001C9029 /* PBXContainerItemProxy */ = {
			isa = PBXContainerItemProxy;
			containerPortal = 8313DCA92867D2BC001C9029 /* Project object */;
			proxyType = 1;
			remoteGlobalIDString = 8313DCB02867D2BC001C9029;
			remoteInfo = "Tennis Scores";
		};
/* End PBXContainerItemProxy section */

/* Begin PBXFileReference section */
		8313DCB12867D2BC001C9029 /* Tennis Scores.app */ = {isa = PBXFileReference; explicitFileType = wrapper.application; includeInIndex = 0; path = "Tennis Scores.app"; sourceTree = BUILT_PRODUCTS_DIR; };
		8313DCB42867D2BC001C9029 /* AppDelegate.swift */ = {isa = PBXFileReference; lastKnownFileType = sourcecode.swift; path = AppDelegate.swift; sourceTree = "<group>"; };
		8313DCB62867D2BC001C9029 /* SceneDelegate.swift */ = {isa = PBXFileReference; lastKnownFileType = sourcecode.swift; path = SceneDelegate.swift; sourceTree = "<group>"; };
		8313DCB82867D2BC001C9029 /* TournamentsViewController.swift */ = {isa = PBXFileReference; lastKnownFileType = sourcecode.swift; path = TournamentsViewController.swift; sourceTree = "<group>"; };
		8313DCBB2867D2BC001C9029 /* Base */ = {isa = PBXFileReference; lastKnownFileType = file.storyboard; name = Base; path = Base.lproj/Main.storyboard; sourceTree = "<group>"; };
		8313DCBD2867D2C0001C9029 /* Assets.xcassets */ = {isa = PBXFileReference; lastKnownFileType = folder.assetcatalog; path = Assets.xcassets; sourceTree = "<group>"; };
		8313DCC02867D2C0001C9029 /* Base */ = {isa = PBXFileReference; lastKnownFileType = file.storyboard; name = Base; path = Base.lproj/LaunchScreen.storyboard; sourceTree = "<group>"; };
		8313DCC22867D2C0001C9029 /* Info.plist */ = {isa = PBXFileReference; lastKnownFileType = text.plist.xml; path = Info.plist; sourceTree = "<group>"; };
		8313DCC72867D2C0001C9029 /* Tennis ScoresTests.xctest */ = {isa = PBXFileReference; explicitFileType = wrapper.cfbundle; includeInIndex = 0; path = "Tennis ScoresTests.xctest"; sourceTree = BUILT_PRODUCTS_DIR; };
		8313DCCB2867D2C0001C9029 /* Tennis_ScoresTests.swift */ = {isa = PBXFileReference; lastKnownFileType = sourcecode.swift; path = Tennis_ScoresTests.swift; sourceTree = "<group>"; };
		8313DCD12867D2C0001C9029 /* Tennis ScoresUITests.xctest */ = {isa = PBXFileReference; explicitFileType = wrapper.cfbundle; includeInIndex = 0; path = "Tennis ScoresUITests.xctest"; sourceTree = BUILT_PRODUCTS_DIR; };
		8313DCD52867D2C0001C9029 /* Tennis_ScoresUITests.swift */ = {isa = PBXFileReference; lastKnownFileType = sourcecode.swift; path = Tennis_ScoresUITests.swift; sourceTree = "<group>"; };
		8313DCD72867D2C0001C9029 /* Tennis_ScoresUITestsLaunchTests.swift */ = {isa = PBXFileReference; lastKnownFileType = sourcecode.swift; path = Tennis_ScoresUITestsLaunchTests.swift; sourceTree = "<group>"; };
		8313DCE42867D5BB001C9029 /* TournamentsViewController+TableView.swift */ = {isa = PBXFileReference; lastKnownFileType = sourcecode.swift; path = "TournamentsViewController+TableView.swift"; sourceTree = "<group>"; };
		8313DCE72867D815001C9029 /* TournamentsTableViewCell.swift */ = {isa = PBXFileReference; lastKnownFileType = sourcecode.swift; path = TournamentsTableViewCell.swift; sourceTree = "<group>"; };
		8313DCE82867D815001C9029 /* TournamentsTableViewCell.xib */ = {isa = PBXFileReference; lastKnownFileType = file.xib; path = TournamentsTableViewCell.xib; sourceTree = "<group>"; };
		8313DCEF2867EFE6001C9029 /* MyDateFormatter.swift */ = {isa = PBXFileReference; lastKnownFileType = sourcecode.swift; path = MyDateFormatter.swift; sourceTree = "<group>"; };
		83775BB8286A92EA00FEE395 /* ATPViewController.swift */ = {isa = PBXFileReference; lastKnownFileType = sourcecode.swift; path = ATPViewController.swift; sourceTree = "<group>"; };
		8391EC0828722ABF003F52D4 /* WTAViewController.swift */ = {isa = PBXFileReference; lastKnownFileType = sourcecode.swift; path = WTAViewController.swift; sourceTree = "<group>"; };
		8391EC0B28725B1B003F52D4 /* Tennis Scores.xcdatamodel */ = {isa = PBXFileReference; lastKnownFileType = wrapper.xcdatamodel; path = "Tennis Scores.xcdatamodel"; sourceTree = "<group>"; };
		83B800DE2877B47C00466324 /* CoreDataHandler.swift */ = {isa = PBXFileReference; lastKnownFileType = sourcecode.swift; path = CoreDataHandler.swift; sourceTree = "<group>"; };
/* End PBXFileReference section */

/* Begin PBXFrameworksBuildPhase section */
		8313DCAE2867D2BC001C9029 /* Frameworks */ = {
			isa = PBXFrameworksBuildPhase;
			buildActionMask = 2147483647;
			files = (
			);
			runOnlyForDeploymentPostprocessing = 0;
		};
		8313DCC42867D2C0001C9029 /* Frameworks */ = {
			isa = PBXFrameworksBuildPhase;
			buildActionMask = 2147483647;
			files = (
			);
			runOnlyForDeploymentPostprocessing = 0;
		};
		8313DCCE2867D2C0001C9029 /* Frameworks */ = {
			isa = PBXFrameworksBuildPhase;
			buildActionMask = 2147483647;
			files = (
			);
			runOnlyForDeploymentPostprocessing = 0;
		};
/* End PBXFrameworksBuildPhase section */

/* Begin PBXGroup section */
		8313DCA82867D2BC001C9029 = {
			isa = PBXGroup;
			children = (
				8313DCB32867D2BC001C9029 /* Tennis Scores */,
				8313DCCA2867D2C0001C9029 /* Tennis ScoresTests */,
				8313DCD42867D2C0001C9029 /* Tennis ScoresUITests */,
				8313DCB22867D2BC001C9029 /* Products */,
			);
			sourceTree = "<group>";
		};
		8313DCB22867D2BC001C9029 /* Products */ = {
			isa = PBXGroup;
			children = (
				8313DCB12867D2BC001C9029 /* Tennis Scores.app */,
				8313DCC72867D2C0001C9029 /* Tennis ScoresTests.xctest */,
				8313DCD12867D2C0001C9029 /* Tennis ScoresUITests.xctest */,
			);
			name = Products;
			sourceTree = "<group>";
		};
		8313DCB32867D2BC001C9029 /* Tennis Scores */ = {
			isa = PBXGroup;
			children = (
				8313DCB42867D2BC001C9029 /* AppDelegate.swift */,
				8313DCB62867D2BC001C9029 /* SceneDelegate.swift */,
				8313DCBA2867D2BC001C9029 /* Main.storyboard */,
				8313DCBD2867D2C0001C9029 /* Assets.xcassets */,
				8313DCBF2867D2C0001C9029 /* LaunchScreen.storyboard */,
				8313DCC22867D2C0001C9029 /* Info.plist */,
				83FA73F3286E983C00FAB47D /* Model */,
				83FA73F4286E985000FAB47D /* Views */,
				83FA73F2286E980500FAB47D /* View Controllers */,
				8391EC0A28725B1B003F52D4 /* Tennis Scores.xcdatamodeld */,
				83B800DE2877B47C00466324 /* CoreDataHandler.swift */,
			);
			path = "Tennis Scores";
			sourceTree = "<group>";
		};
		8313DCCA2867D2C0001C9029 /* Tennis ScoresTests */ = {
			isa = PBXGroup;
			children = (
				8313DCCB2867D2C0001C9029 /* Tennis_ScoresTests.swift */,
			);
			path = "Tennis ScoresTests";
			sourceTree = "<group>";
		};
		8313DCD42867D2C0001C9029 /* Tennis ScoresUITests */ = {
			isa = PBXGroup;
			children = (
				8313DCD52867D2C0001C9029 /* Tennis_ScoresUITests.swift */,
				8313DCD72867D2C0001C9029 /* Tennis_ScoresUITestsLaunchTests.swift */,
			);
			path = "Tennis ScoresUITests";
			sourceTree = "<group>";
		};
		8313DCE62867D7C0001C9029 /* Tournaments Table Cell */ = {
			isa = PBXGroup;
			children = (
				8313DCE72867D815001C9029 /* TournamentsTableViewCell.swift */,
				8313DCE82867D815001C9029 /* TournamentsTableViewCell.xib */,
			);
			path = "Tournaments Table Cell";
			sourceTree = "<group>";
		};
		83FA73F2286E980500FAB47D /* View Controllers */ = {
			isa = PBXGroup;
			children = (
				8313DCE42867D5BB001C9029 /* TournamentsViewController+TableView.swift */,
				83775BB8286A92EA00FEE395 /* ATPViewController.swift */,
				8313DCB82867D2BC001C9029 /* TournamentsViewController.swift */,
				8391EC0828722ABF003F52D4 /* WTAViewController.swift */,
			);
			path = "View Controllers";
			sourceTree = "<group>";
		};
		83FA73F3286E983C00FAB47D /* Model */ = {
			isa = PBXGroup;
			children = (
				8313DCEF2867EFE6001C9029 /* MyDateFormatter.swift */,
			);
			path = Model;
			sourceTree = "<group>";
		};
		83FA73F4286E985000FAB47D /* Views */ = {
			isa = PBXGroup;
			children = (
				8313DCE62867D7C0001C9029 /* Tournaments Table Cell */,
			);
			path = Views;
			sourceTree = "<group>";
		};
/* End PBXGroup section */

/* Begin PBXNativeTarget section */
		8313DCB02867D2BC001C9029 /* Tennis Scores */ = {
			isa = PBXNativeTarget;
			buildConfigurationList = 8313DCDB2867D2C0001C9029 /* Build configuration list for PBXNativeTarget "Tennis Scores" */;
			buildPhases = (
				8313DCAD2867D2BC001C9029 /* Sources */,
				8313DCAE2867D2BC001C9029 /* Frameworks */,
				8313DCAF2867D2BC001C9029 /* Resources */,
			);
			buildRules = (
			);
			dependencies = (
			);
			name = "Tennis Scores";
			productName = "Tennis Scores";
			productReference = 8313DCB12867D2BC001C9029 /* Tennis Scores.app */;
			productType = "com.apple.product-type.application";
		};
		8313DCC62867D2C0001C9029 /* Tennis ScoresTests */ = {
			isa = PBXNativeTarget;
			buildConfigurationList = 8313DCDE2867D2C0001C9029 /* Build configuration list for PBXNativeTarget "Tennis ScoresTests" */;
			buildPhases = (
				8313DCC32867D2C0001C9029 /* Sources */,
				8313DCC42867D2C0001C9029 /* Frameworks */,
				8313DCC52867D2C0001C9029 /* Resources */,
			);
			buildRules = (
			);
			dependencies = (
				8313DCC92867D2C0001C9029 /* PBXTargetDependency */,
			);
			name = "Tennis ScoresTests";
			productName = "Tennis ScoresTests";
			productReference = 8313DCC72867D2C0001C9029 /* Tennis ScoresTests.xctest */;
			productType = "com.apple.product-type.bundle.unit-test";
		};
		8313DCD02867D2C0001C9029 /* Tennis ScoresUITests */ = {
			isa = PBXNativeTarget;
			buildConfigurationList = 8313DCE12867D2C0001C9029 /* Build configuration list for PBXNativeTarget "Tennis ScoresUITests" */;
			buildPhases = (
				8313DCCD2867D2C0001C9029 /* Sources */,
				8313DCCE2867D2C0001C9029 /* Frameworks */,
				8313DCCF2867D2C0001C9029 /* Resources */,
			);
			buildRules = (
			);
			dependencies = (
				8313DCD32867D2C0001C9029 /* PBXTargetDependency */,
			);
			name = "Tennis ScoresUITests";
			productName = "Tennis ScoresUITests";
			productReference = 8313DCD12867D2C0001C9029 /* Tennis ScoresUITests.xctest */;
			productType = "com.apple.product-type.bundle.ui-testing";
		};
/* End PBXNativeTarget section */

/* Begin PBXProject section */
		8313DCA92867D2BC001C9029 /* Project object */ = {
			isa = PBXProject;
			attributes = {
				BuildIndependentTargetsInParallel = 1;
				LastSwiftUpdateCheck = 1340;
				LastUpgradeCheck = 1340;
				TargetAttributes = {
					8313DCB02867D2BC001C9029 = {
						CreatedOnToolsVersion = 13.4.1;
					};
					8313DCC62867D2C0001C9029 = {
						CreatedOnToolsVersion = 13.4.1;
						TestTargetID = 8313DCB02867D2BC001C9029;
					};
					8313DCD02867D2C0001C9029 = {
						CreatedOnToolsVersion = 13.4.1;
						TestTargetID = 8313DCB02867D2BC001C9029;
					};
				};
			};
			buildConfigurationList = 8313DCAC2867D2BC001C9029 /* Build configuration list for PBXProject "Tennis Scores" */;
			compatibilityVersion = "Xcode 13.0";
			developmentRegion = en;
			hasScannedForEncodings = 0;
			knownRegions = (
				en,
				Base,
			);
			mainGroup = 8313DCA82867D2BC001C9029;
			productRefGroup = 8313DCB22867D2BC001C9029 /* Products */;
			projectDirPath = "";
			projectRoot = "";
			targets = (
				8313DCB02867D2BC001C9029 /* Tennis Scores */,
				8313DCC62867D2C0001C9029 /* Tennis ScoresTests */,
				8313DCD02867D2C0001C9029 /* Tennis ScoresUITests */,
			);
		};
/* End PBXProject section */

/* Begin PBXResourcesBuildPhase section */
		8313DCAF2867D2BC001C9029 /* Resources */ = {
			isa = PBXResourcesBuildPhase;
			buildActionMask = 2147483647;
			files = (
				8313DCEA2867D815001C9029 /* TournamentsTableViewCell.xib in Resources */,
				8313DCC12867D2C0001C9029 /* LaunchScreen.storyboard in Resources */,
				8313DCBE2867D2C0001C9029 /* Assets.xcassets in Resources */,
				8313DCBC2867D2BC001C9029 /* Main.storyboard in Resources */,
			);
			runOnlyForDeploymentPostprocessing = 0;
		};
		8313DCC52867D2C0001C9029 /* Resources */ = {
			isa = PBXResourcesBuildPhase;
			buildActionMask = 2147483647;
			files = (
			);
			runOnlyForDeploymentPostprocessing = 0;
		};
		8313DCCF2867D2C0001C9029 /* Resources */ = {
			isa = PBXResourcesBuildPhase;
			buildActionMask = 2147483647;
			files = (
			);
			runOnlyForDeploymentPostprocessing = 0;
		};
/* End PBXResourcesBuildPhase section */

/* Begin PBXSourcesBuildPhase section */
		8313DCAD2867D2BC001C9029 /* Sources */ = {
			isa = PBXSourcesBuildPhase;
			buildActionMask = 2147483647;
			files = (
				8313DCB92867D2BC001C9029 /* TournamentsViewController.swift in Sources */,
				83B800DF2877B47C00466324 /* CoreDataHandler.swift in Sources */,
				8313DCB52867D2BC001C9029 /* AppDelegate.swift in Sources */,
				8313DCF02867EFE6001C9029 /* MyDateFormatter.swift in Sources */,
				8313DCE92867D815001C9029 /* TournamentsTableViewCell.swift in Sources */,
				8313DCE52867D5BB001C9029 /* TournamentsViewController+TableView.swift in Sources */,
				8391EC0C28725B1B003F52D4 /* Tennis Scores.xcdatamodeld in Sources */,
				8391EC0928722ABF003F52D4 /* WTAViewController.swift in Sources */,
				83775BB9286A92EA00FEE395 /* ATPViewController.swift in Sources */,
				8313DCB72867D2BC001C9029 /* SceneDelegate.swift in Sources */,
			);
			runOnlyForDeploymentPostprocessing = 0;
		};
		8313DCC32867D2C0001C9029 /* Sources */ = {
			isa = PBXSourcesBuildPhase;
			buildActionMask = 2147483647;
			files = (
				8313DCCC2867D2C0001C9029 /* Tennis_ScoresTests.swift in Sources */,
			);
			runOnlyForDeploymentPostprocessing = 0;
		};
		8313DCCD2867D2C0001C9029 /* Sources */ = {
			isa = PBXSourcesBuildPhase;
			buildActionMask = 2147483647;
			files = (
				8313DCD82867D2C0001C9029 /* Tennis_ScoresUITestsLaunchTests.swift in Sources */,
				8313DCD62867D2C0001C9029 /* Tennis_ScoresUITests.swift in Sources */,
			);
			runOnlyForDeploymentPostprocessing = 0;
		};
/* End PBXSourcesBuildPhase section */

/* Begin PBXTargetDependency section */
		8313DCC92867D2C0001C9029 /* PBXTargetDependency */ = {
			isa = PBXTargetDependency;
			target = 8313DCB02867D2BC001C9029 /* Tennis Scores */;
			targetProxy = 8313DCC82867D2C0001C9029 /* PBXContainerItemProxy */;
		};
		8313DCD32867D2C0001C9029 /* PBXTargetDependency */ = {
			isa = PBXTargetDependency;
			target = 8313DCB02867D2BC001C9029 /* Tennis Scores */;
			targetProxy = 8313DCD22867D2C0001C9029 /* PBXContainerItemProxy */;
		};
/* End PBXTargetDependency section */

/* Begin PBXVariantGroup section */
		8313DCBA2867D2BC001C9029 /* Main.storyboard */ = {
			isa = PBXVariantGroup;
			children = (
				8313DCBB2867D2BC001C9029 /* Base */,
			);
			name = Main.storyboard;
			sourceTree = "<group>";
		};
		8313DCBF2867D2C0001C9029 /* LaunchScreen.storyboard */ = {
			isa = PBXVariantGroup;
			children = (
				8313DCC02867D2C0001C9029 /* Base */,
			);
			name = LaunchScreen.storyboard;
			sourceTree = "<group>";
		};
/* End PBXVariantGroup section */

/* Begin XCBuildConfiguration section */
		8313DCD92867D2C0001C9029 /* Debug */ = {
			isa = XCBuildConfiguration;
			buildSettings = {
				ALWAYS_SEARCH_USER_PATHS = NO;
				CLANG_ANALYZER_NONNULL = YES;
				CLANG_ANALYZER_NUMBER_OBJECT_CONVERSION = YES_AGGRESSIVE;
				CLANG_CXX_LANGUAGE_STANDARD = "gnu++17";
				CLANG_ENABLE_MODULES = YES;
				CLANG_ENABLE_OBJC_ARC = YES;
				CLANG_ENABLE_OBJC_WEAK = YES;
				CLANG_WARN_BLOCK_CAPTURE_AUTORELEASING = YES;
				CLANG_WARN_BOOL_CONVERSION = YES;
				CLANG_WARN_COMMA = YES;
				CLANG_WARN_CONSTANT_CONVERSION = YES;
				CLANG_WARN_DEPRECATED_OBJC_IMPLEMENTATIONS = YES;
				CLANG_WARN_DIRECT_OBJC_ISA_USAGE = YES_ERROR;
				CLANG_WARN_DOCUMENTATION_COMMENTS = YES;
				CLANG_WARN_EMPTY_BODY = YES;
				CLANG_WARN_ENUM_CONVERSION = YES;
				CLANG_WARN_INFINITE_RECURSION = YES;
				CLANG_WARN_INT_CONVERSION = YES;
				CLANG_WARN_NON_LITERAL_NULL_CONVERSION = YES;
				CLANG_WARN_OBJC_IMPLICIT_RETAIN_SELF = YES;
				CLANG_WARN_OBJC_LITERAL_CONVERSION = YES;
				CLANG_WARN_OBJC_ROOT_CLASS = YES_ERROR;
				CLANG_WARN_QUOTED_INCLUDE_IN_FRAMEWORK_HEADER = YES;
				CLANG_WARN_RANGE_LOOP_ANALYSIS = YES;
				CLANG_WARN_STRICT_PROTOTYPES = YES;
				CLANG_WARN_SUSPICIOUS_MOVE = YES;
				CLANG_WARN_UNGUARDED_AVAILABILITY = YES_AGGRESSIVE;
				CLANG_WARN_UNREACHABLE_CODE = YES;
				CLANG_WARN__DUPLICATE_METHOD_MATCH = YES;
				COPY_PHASE_STRIP = NO;
				DEBUG_INFORMATION_FORMAT = dwarf;
				ENABLE_STRICT_OBJC_MSGSEND = YES;
				ENABLE_TESTABILITY = YES;
				GCC_C_LANGUAGE_STANDARD = gnu11;
				GCC_DYNAMIC_NO_PIC = NO;
				GCC_NO_COMMON_BLOCKS = YES;
				GCC_OPTIMIZATION_LEVEL = 0;
				GCC_PREPROCESSOR_DEFINITIONS = (
					"DEBUG=1",
					"$(inherited)",
				);
				GCC_WARN_64_TO_32_BIT_CONVERSION = YES;
				GCC_WARN_ABOUT_RETURN_TYPE = YES_ERROR;
				GCC_WARN_UNDECLARED_SELECTOR = YES;
				GCC_WARN_UNINITIALIZED_AUTOS = YES_AGGRESSIVE;
				GCC_WARN_UNUSED_FUNCTION = YES;
				GCC_WARN_UNUSED_VARIABLE = YES;
				IPHONEOS_DEPLOYMENT_TARGET = 15.5;
				MTL_ENABLE_DEBUG_INFO = INCLUDE_SOURCE;
				MTL_FAST_MATH = YES;
				ONLY_ACTIVE_ARCH = YES;
				SDKROOT = iphoneos;
				SWIFT_ACTIVE_COMPILATION_CONDITIONS = DEBUG;
				SWIFT_OPTIMIZATION_LEVEL = "-Onone";
			};
			name = Debug;
		};
		8313DCDA2867D2C0001C9029 /* Release */ = {
			isa = XCBuildConfiguration;
			buildSettings = {
				ALWAYS_SEARCH_USER_PATHS = NO;
				CLANG_ANALYZER_NONNULL = YES;
				CLANG_ANALYZER_NUMBER_OBJECT_CONVERSION = YES_AGGRESSIVE;
				CLANG_CXX_LANGUAGE_STANDARD = "gnu++17";
				CLANG_ENABLE_MODULES = YES;
				CLANG_ENABLE_OBJC_ARC = YES;
				CLANG_ENABLE_OBJC_WEAK = YES;
				CLANG_WARN_BLOCK_CAPTURE_AUTORELEASING = YES;
				CLANG_WARN_BOOL_CONVERSION = YES;
				CLANG_WARN_COMMA = YES;
				CLANG_WARN_CONSTANT_CONVERSION = YES;
				CLANG_WARN_DEPRECATED_OBJC_IMPLEMENTATIONS = YES;
				CLANG_WARN_DIRECT_OBJC_ISA_USAGE = YES_ERROR;
				CLANG_WARN_DOCUMENTATION_COMMENTS = YES;
				CLANG_WARN_EMPTY_BODY = YES;
				CLANG_WARN_ENUM_CONVERSION = YES;
				CLANG_WARN_INFINITE_RECURSION = YES;
				CLANG_WARN_INT_CONVERSION = YES;
				CLANG_WARN_NON_LITERAL_NULL_CONVERSION = YES;
				CLANG_WARN_OBJC_IMPLICIT_RETAIN_SELF = YES;
				CLANG_WARN_OBJC_LITERAL_CONVERSION = YES;
				CLANG_WARN_OBJC_ROOT_CLASS = YES_ERROR;
				CLANG_WARN_QUOTED_INCLUDE_IN_FRAMEWORK_HEADER = YES;
				CLANG_WARN_RANGE_LOOP_ANALYSIS = YES;
				CLANG_WARN_STRICT_PROTOTYPES = YES;
				CLANG_WARN_SUSPICIOUS_MOVE = YES;
				CLANG_WARN_UNGUARDED_AVAILABILITY = YES_AGGRESSIVE;
				CLANG_WARN_UNREACHABLE_CODE = YES;
				CLANG_WARN__DUPLICATE_METHOD_MATCH = YES;
				COPY_PHASE_STRIP = NO;
				DEBUG_INFORMATION_FORMAT = "dwarf-with-dsym";
				ENABLE_NS_ASSERTIONS = NO;
				ENABLE_STRICT_OBJC_MSGSEND = YES;
				GCC_C_LANGUAGE_STANDARD = gnu11;
				GCC_NO_COMMON_BLOCKS = YES;
				GCC_WARN_64_TO_32_BIT_CONVERSION = YES;
				GCC_WARN_ABOUT_RETURN_TYPE = YES_ERROR;
				GCC_WARN_UNDECLARED_SELECTOR = YES;
				GCC_WARN_UNINITIALIZED_AUTOS = YES_AGGRESSIVE;
				GCC_WARN_UNUSED_FUNCTION = YES;
				GCC_WARN_UNUSED_VARIABLE = YES;
				IPHONEOS_DEPLOYMENT_TARGET = 15.5;
				MTL_ENABLE_DEBUG_INFO = NO;
				MTL_FAST_MATH = YES;
				SDKROOT = iphoneos;
				SWIFT_COMPILATION_MODE = wholemodule;
				SWIFT_OPTIMIZATION_LEVEL = "-O";
				VALIDATE_PRODUCT = YES;
			};
			name = Release;
		};
		8313DCDC2867D2C0001C9029 /* Debug */ = {
			isa = XCBuildConfiguration;
			buildSettings = {
				ASSETCATALOG_COMPILER_APPICON_NAME = AppIcon;
				ASSETCATALOG_COMPILER_GLOBAL_ACCENT_COLOR_NAME = AccentColor;
				CODE_SIGN_STYLE = Automatic;
				CURRENT_PROJECT_VERSION = 1;
				DEVELOPMENT_TEAM = 33NF54H8V9;
				GENERATE_INFOPLIST_FILE = YES;
				INFOPLIST_FILE = "Tennis Scores/Info.plist";
				INFOPLIST_KEY_UIApplicationSupportsIndirectInputEvents = YES;
				INFOPLIST_KEY_UILaunchStoryboardName = LaunchScreen;
				INFOPLIST_KEY_UIMainStoryboardFile = Main;
				INFOPLIST_KEY_UISupportedInterfaceOrientations_iPad = "UIInterfaceOrientationPortrait UIInterfaceOrientationPortraitUpsideDown UIInterfaceOrientationLandscapeLeft UIInterfaceOrientationLandscapeRight";
				INFOPLIST_KEY_UISupportedInterfaceOrientations_iPhone = "UIInterfaceOrientationPortrait UIInterfaceOrientationLandscapeLeft UIInterfaceOrientationLandscapeRight";
				LD_RUNPATH_SEARCH_PATHS = (
					"$(inherited)",
					"@executable_path/Frameworks",
				);
				MARKETING_VERSION = 1.0;
				PRODUCT_BUNDLE_IDENTIFIER = "com.aminebenjemia.Tennis-Scores";
				PRODUCT_NAME = "$(TARGET_NAME)";
				SWIFT_EMIT_LOC_STRINGS = YES;
				SWIFT_VERSION = 5.0;
				TARGETED_DEVICE_FAMILY = "1,2";
			};
			name = Debug;
		};
		8313DCDD2867D2C0001C9029 /* Release */ = {
			isa = XCBuildConfiguration;
			buildSettings = {
				ASSETCATALOG_COMPILER_APPICON_NAME = AppIcon;
				ASSETCATALOG_COMPILER_GLOBAL_ACCENT_COLOR_NAME = AccentColor;
				CODE_SIGN_STYLE = Automatic;
				CURRENT_PROJECT_VERSION = 1;
				DEVELOPMENT_TEAM = 33NF54H8V9;
				GENERATE_INFOPLIST_FILE = YES;
				INFOPLIST_FILE = "Tennis Scores/Info.plist";
				INFOPLIST_KEY_UIApplicationSupportsIndirectInputEvents = YES;
				INFOPLIST_KEY_UILaunchStoryboardName = LaunchScreen;
				INFOPLIST_KEY_UIMainStoryboardFile = Main;
				INFOPLIST_KEY_UISupportedInterfaceOrientations_iPad = "UIInterfaceOrientationPortrait UIInterfaceOrientationPortraitUpsideDown UIInterfaceOrientationLandscapeLeft UIInterfaceOrientationLandscapeRight";
				INFOPLIST_KEY_UISupportedInterfaceOrientations_iPhone = "UIInterfaceOrientationPortrait UIInterfaceOrientationLandscapeLeft UIInterfaceOrientationLandscapeRight";
				LD_RUNPATH_SEARCH_PATHS = (
					"$(inherited)",
					"@executable_path/Frameworks",
				);
				MARKETING_VERSION = 1.0;
				PRODUCT_BUNDLE_IDENTIFIER = "com.aminebenjemia.Tennis-Scores";
				PRODUCT_NAME = "$(TARGET_NAME)";
				SWIFT_EMIT_LOC_STRINGS = YES;
				SWIFT_VERSION = 5.0;
				TARGETED_DEVICE_FAMILY = "1,2";
			};
			name = Release;
		};
		8313DCDF2867D2C0001C9029 /* Debug */ = {
			isa = XCBuildConfiguration;
			buildSettings = {
				ALWAYS_EMBED_SWIFT_STANDARD_LIBRARIES = YES;
				BUNDLE_LOADER = "$(TEST_HOST)";
				CODE_SIGN_STYLE = Automatic;
				CURRENT_PROJECT_VERSION = 1;
				DEVELOPMENT_TEAM = 33NF54H8V9;
				GENERATE_INFOPLIST_FILE = YES;
				IPHONEOS_DEPLOYMENT_TARGET = 15.5;
				MARKETING_VERSION = 1.0;
				PRODUCT_BUNDLE_IDENTIFIER = "com.aminebenjemia.Tennis-ScoresTests";
				PRODUCT_NAME = "$(TARGET_NAME)";
				SWIFT_EMIT_LOC_STRINGS = NO;
				SWIFT_VERSION = 5.0;
				TARGETED_DEVICE_FAMILY = "1,2";
				TEST_HOST = "$(BUILT_PRODUCTS_DIR)/Tennis Scores.app/Tennis Scores";
			};
			name = Debug;
		};
		8313DCE02867D2C0001C9029 /* Release */ = {
			isa = XCBuildConfiguration;
			buildSettings = {
				ALWAYS_EMBED_SWIFT_STANDARD_LIBRARIES = YES;
				BUNDLE_LOADER = "$(TEST_HOST)";
				CODE_SIGN_STYLE = Automatic;
				CURRENT_PROJECT_VERSION = 1;
				DEVELOPMENT_TEAM = 33NF54H8V9;
				GENERATE_INFOPLIST_FILE = YES;
				IPHONEOS_DEPLOYMENT_TARGET = 15.5;
				MARKETING_VERSION = 1.0;
				PRODUCT_BUNDLE_IDENTIFIER = "com.aminebenjemia.Tennis-ScoresTests";
				PRODUCT_NAME = "$(TARGET_NAME)";
				SWIFT_EMIT_LOC_STRINGS = NO;
				SWIFT_VERSION = 5.0;
				TARGETED_DEVICE_FAMILY = "1,2";
				TEST_HOST = "$(BUILT_PRODUCTS_DIR)/Tennis Scores.app/Tennis Scores";
			};
			name = Release;
		};
		8313DCE22867D2C0001C9029 /* Debug */ = {
			isa = XCBuildConfiguration;
			buildSettings = {
				ALWAYS_EMBED_SWIFT_STANDARD_LIBRARIES = YES;
				CODE_SIGN_STYLE = Automatic;
				CURRENT_PROJECT_VERSION = 1;
				DEVELOPMENT_TEAM = 33NF54H8V9;
				GENERATE_INFOPLIST_FILE = YES;
				MARKETING_VERSION = 1.0;
				PRODUCT_BUNDLE_IDENTIFIER = "com.aminebenjemia.Tennis-ScoresUITests";
				PRODUCT_NAME = "$(TARGET_NAME)";
				SWIFT_EMIT_LOC_STRINGS = NO;
				SWIFT_VERSION = 5.0;
				TARGETED_DEVICE_FAMILY = "1,2";
				TEST_TARGET_NAME = "Tennis Scores";
			};
			name = Debug;
		};
		8313DCE32867D2C0001C9029 /* Release */ = {
			isa = XCBuildConfiguration;
			buildSettings = {
				ALWAYS_EMBED_SWIFT_STANDARD_LIBRARIES = YES;
				CODE_SIGN_STYLE = Automatic;
				CURRENT_PROJECT_VERSION = 1;
				DEVELOPMENT_TEAM = 33NF54H8V9;
				GENERATE_INFOPLIST_FILE = YES;
				MARKETING_VERSION = 1.0;
				PRODUCT_BUNDLE_IDENTIFIER = "com.aminebenjemia.Tennis-ScoresUITests";
				PRODUCT_NAME = "$(TARGET_NAME)";
				SWIFT_EMIT_LOC_STRINGS = NO;
				SWIFT_VERSION = 5.0;
				TARGETED_DEVICE_FAMILY = "1,2";
				TEST_TARGET_NAME = "Tennis Scores";
			};
			name = Release;
		};
/* End XCBuildConfiguration section */

/* Begin XCConfigurationList section */
		8313DCAC2867D2BC001C9029 /* Build configuration list for PBXProject "Tennis Scores" */ = {
			isa = XCConfigurationList;
			buildConfigurations = (
				8313DCD92867D2C0001C9029 /* Debug */,
				8313DCDA2867D2C0001C9029 /* Release */,
			);
			defaultConfigurationIsVisible = 0;
			defaultConfigurationName = Release;
		};
		8313DCDB2867D2C0001C9029 /* Build configuration list for PBXNativeTarget "Tennis Scores" */ = {
			isa = XCConfigurationList;
			buildConfigurations = (
				8313DCDC2867D2C0001C9029 /* Debug */,
				8313DCDD2867D2C0001C9029 /* Release */,
			);
			defaultConfigurationIsVisible = 0;
			defaultConfigurationName = Release;
		};
		8313DCDE2867D2C0001C9029 /* Build configuration list for PBXNativeTarget "Tennis ScoresTests" */ = {
			isa = XCConfigurationList;
			buildConfigurations = (
				8313DCDF2867D2C0001C9029 /* Debug */,
				8313DCE02867D2C0001C9029 /* Release */,
			);
			defaultConfigurationIsVisible = 0;
			defaultConfigurationName = Release;
		};
		8313DCE12867D2C0001C9029 /* Build configuration list for PBXNativeTarget "Tennis ScoresUITests" */ = {
			isa = XCConfigurationList;
			buildConfigurations = (
				8313DCE22867D2C0001C9029 /* Debug */,
				8313DCE32867D2C0001C9029 /* Release */,
			);
			defaultConfigurationIsVisible = 0;
			defaultConfigurationName = Release;
		};
/* End XCConfigurationList section */

/* Begin XCVersionGroup section */
		8391EC0A28725B1B003F52D4 /* Tennis Scores.xcdatamodeld */ = {
			isa = XCVersionGroup;
			children = (
				8391EC0B28725B1B003F52D4 /* Tennis Scores.xcdatamodel */,
			);
			currentVersion = 8391EC0B28725B1B003F52D4 /* Tennis Scores.xcdatamodel */;
			path = "Tennis Scores.xcdatamodeld";
			sourceTree = "<group>";
			versionGroupType = wrapper.xcdatamodel;
		};
/* End XCVersionGroup section */
	};
	rootObject = 8313DCA92867D2BC001C9029 /* Project object */;
}
